PODS:
  - Alamofire (5.6.2)
  - RxCocoa (6.5.0):
    - RxRelay (= 6.5.0)
    - RxSwift (= 6.5.0)
  - RxRelay (6.5.0):
    - RxSwift (= 6.5.0)
  - RxSwift (6.5.0)
  - SnapKit (5.6.0)
  - SQLiteRepairKit (1.2.2):
    - WCDBOptimizedSQLCipher (~> 1.2.0)
  - SwiftyJSON (5.0.1)
  - SwiftySwift (3.0.0):
    - SwiftySwift/Cocoa (= 3.0.0)
    - SwiftySwift/Core (= 3.0.0)
    - SwiftySwift/Geometry (= 3.0.0)
    - SwiftySwift/MultiRange (= 3.0.0)
    - SwiftySwift/UIKit (= 3.0.0)
  - SwiftySwift/Cocoa (3.0.0):
    - SwiftySwift/Core
  - SwiftySwift/Core (3.0.0)
  - SwiftySwift/Geometry (3.0.0):
    - SwiftySwift/Core
  - SwiftySwift/MultiRange (3.0.0)
  - SwiftySwift/UIKit (3.0.0):
    - SwiftySwift/Cocoa
  - WCDB.swift (1.0.8.2):
    - SQLiteRepairKit (~> 1.2.0)
    - WCDBOptimizedSQLCipher (~> 1.2.0)
  - WCDBOptimizedSQLCipher (1.2.1)

DEPENDENCIES:
  - Alamofire
  - RxCocoa
  - RxSwift
  - SnapKit
  - SwiftyJSON
  - SwiftySwift
  - WCDB.swift

SPEC REPOS:
  https://mirrors.tuna.tsinghua.edu.cn/git/CocoaPods/Specs.git:
    - Alamofire
    - RxCocoa
    - RxRelay
    - RxSwift
    - SnapKit
    - SQLiteRepairKit
    - SwiftyJSON
    - SwiftySwift
    - WCDB.swift
    - WCDBOptimizedSQLCipher

SPEC CHECKSUMS:
  Alamofire: d368e1ff8a298e6dde360e35a3e68e6c610e7204
  RxCocoa: 94f817b71c07517321eb4f9ad299112ca8af743b
  RxRelay: 1de1523e604c72b6c68feadedd1af3b1b4d0ecbd
  RxSwift: 5710a9e6b17f3c3d6e40d6e559b9fa1e813b2ef8
  SnapKit: e01d52ebb8ddbc333eefe2132acf85c8227d9c25
  SQLiteRepairKit: 35aaae5a8838adb85f5b1eb4d796055be6060a4b
  SwiftyJSON: 2f33a42c6fbc52764d96f13368585094bfd8aa5e
  SwiftySwift: dfb02560bec08882d6daff3603d9e5738af92ab3
  WCDB.swift: 05d509d7a0e60fb6e11c34eb7e4027c0fab5849f
  WCDBOptimizedSQLCipher: baf44493b0c7a3d49e97bc5b64a3856f6428ddd1

PODFILE CHECKSUM: 6274d7220b51c6b8beb8ca1b49010fa067215ae0

COCOAPODS: 1.12.1
