// !$*UTF8*$!
{
	archiveVersion = 1;
	classes = {
	};
	objectVersion = 55;
	objects = {

/* Begin PBXBuildFile section */
		1468F195292496A00080DA08 /* AppDelegate.swift in Sources */ = {isa = PBXBuildFile; fileRef = 1468F194292496A00080DA08 /* AppDelegate.swift */; };
		1468F199292496A00080DA08 /* RyScheduleViewController.swift in Sources */ = {isa = PBXBuildFile; fileRef = 1468F198292496A00080DA08 /* RyScheduleViewController.swift */; };
		1468F19E292496A10080DA08 /* Assets.xcassets in Resources */ = {isa = PBXBuildFile; fileRef = 1468F19D292496A10080DA08 /* Assets.xcassets */; };
		1468F1A1292496A10080DA08 /* LaunchScreen.storyboard in Resources */ = {isa = PBXBuildFile; fileRef = 1468F19F292496A10080DA08 /* LaunchScreen.storyboard */; };
		1468F1AC292496A10080DA08 /* CyxbsMobileSwiftTests.swift in Sources */ = {isa = PBXBuildFile; fileRef = 1468F1AB292496A10080DA08 /* CyxbsMobileSwiftTests.swift */; };
		1468F1B6292496A10080DA08 /* CyxbsMobileSwiftUITests.swift in Sources */ = {isa = PBXBuildFile; fileRef = 1468F1B5292496A10080DA08 /* CyxbsMobileSwiftUITests.swift */; };
		1468F1B8292496A10080DA08 /* CyxbsMobileSwiftUITestsLaunchTests.swift in Sources */ = {isa = PBXBuildFile; fileRef = 1468F1B7292496A10080DA08 /* CyxbsMobileSwiftUITestsLaunchTests.swift */; };
		1468F1C52924976A0080DA08 /* RyScheduleTabBarController.swift in Sources */ = {isa = PBXBuildFile; fileRef = 1468F1C42924976A0080DA08 /* RyScheduleTabBarController.swift */; };
		1468F1C72924BB970080DA08 /* RyScheduleCourse.swift in Sources */ = {isa = PBXBuildFile; fileRef = 1468F1C62924BB970080DA08 /* RyScheduleCourse.swift */; };
		147188452A0904DB006AAB53 /* RyScheduleTabBar.swift in Sources */ = {isa = PBXBuildFile; fileRef = 147188442A0904DB006AAB53 /* RyScheduleTabBar.swift */; };
		14DC09212A0B51D4008432C7 /* RyScheduleRequest.swift in Sources */ = {isa = PBXBuildFile; fileRef = 14DC09202A0B51D4008432C7 /* RyScheduleRequest.swift */; };
		14DC09232A0B5777008432C7 /* CyxbsBaseURL.swift in Sources */ = {isa = PBXBuildFile; fileRef = 14DC09222A0B5777008432C7 /* CyxbsBaseURL.swift */; };
		14DC46B42A0CE89100D68DD8 /* RySchedulePersonalKey.swift in Sources */ = {isa = PBXBuildFile; fileRef = 14DC46B32A0CE89100D68DD8 /* RySchedulePersonalKey.swift */; };
		9754CAD7080F5864E525D76F /* Pods_CyxbsMobileSwift.framework in Frameworks */ = {isa = PBXBuildFile; fileRef = 84D18BCD4699CFAED4AE5A37 /* Pods_CyxbsMobileSwift.framework */; };
		C48D963D855DC393031078ED /* Pods_CyxbsMobileSwift_CyxbsMobileSwiftUITests.framework in Frameworks */ = {isa = PBXBuildFile; fileRef = B2BD2514E13C2CF16285DEB4 /* Pods_CyxbsMobileSwift_CyxbsMobileSwiftUITests.framework */; };
		DD85E943E7881285316DBD8D /* Pods_CyxbsMobileSwiftTests.framework in Frameworks */ = {isa = PBXBuildFile; fileRef = A93A5A1721CF516C7FBFF8B2 /* Pods_CyxbsMobileSwiftTests.framework */; };
/* End PBXBuildFile section */

/* Begin PBXContainerItemProxy section */
		1468F1A8292496A10080DA08 /* PBXContainerItemProxy */ = {
			isa = PBXContainerItemProxy;
			containerPortal = 1468F189292496A00080DA08 /* Project object */;
			proxyType = 1;
			remoteGlobalIDString = 1468F190292496A00080DA08;
			remoteInfo = CyxbsMobileSwift;
		};
		1468F1B2292496A10080DA08 /* PBXContainerItemProxy */ = {
			isa = PBXContainerItemProxy;
			containerPortal = 1468F189292496A00080DA08 /* Project object */;
			proxyType = 1;
			remoteGlobalIDString = 1468F190292496A00080DA08;
			remoteInfo = CyxbsMobileSwift;
		};
/* End PBXContainerItemProxy section */

/* Begin PBXFileReference section */
		1468F191292496A00080DA08 /* CyxbsMobileSwift.app */ = {isa = PBXFileReference; explicitFileType = wrapper.application; includeInIndex = 0; path = CyxbsMobileSwift.app; sourceTree = BUILT_PRODUCTS_DIR; };
		1468F194292496A00080DA08 /* AppDelegate.swift */ = {isa = PBXFileReference; lastKnownFileType = sourcecode.swift; path = AppDelegate.swift; sourceTree = "<group>"; };
		1468F198292496A00080DA08 /* RyScheduleViewController.swift */ = {isa = PBXFileReference; lastKnownFileType = sourcecode.swift; path = RyScheduleViewController.swift; sourceTree = "<group>"; };
		1468F19D292496A10080DA08 /* Assets.xcassets */ = {isa = PBXFileReference; lastKnownFileType = folder.assetcatalog; path = Assets.xcassets; sourceTree = "<group>"; };
		1468F1A0292496A10080DA08 /* Base */ = {isa = PBXFileReference; lastKnownFileType = file.storyboard; name = Base; path = Base.lproj/LaunchScreen.storyboard; sourceTree = "<group>"; };
		1468F1A2292496A10080DA08 /* Info.plist */ = {isa = PBXFileReference; lastKnownFileType = text.plist.xml; path = Info.plist; sourceTree = "<group>"; };
		1468F1A7292496A10080DA08 /* CyxbsMobileSwiftTests.xctest */ = {isa = PBXFileReference; explicitFileType = wrapper.cfbundle; includeInIndex = 0; path = CyxbsMobileSwiftTests.xctest; sourceTree = BUILT_PRODUCTS_DIR; };
		1468F1AB292496A10080DA08 /* CyxbsMobileSwiftTests.swift */ = {isa = PBXFileReference; lastKnownFileType = sourcecode.swift; path = CyxbsMobileSwiftTests.swift; sourceTree = "<group>"; };
		1468F1B1292496A10080DA08 /* CyxbsMobileSwiftUITests.xctest */ = {isa = PBXFileReference; explicitFileType = wrapper.cfbundle; includeInIndex = 0; path = CyxbsMobileSwiftUITests.xctest; sourceTree = BUILT_PRODUCTS_DIR; };
		1468F1B5292496A10080DA08 /* CyxbsMobileSwiftUITests.swift */ = {isa = PBXFileReference; lastKnownFileType = sourcecode.swift; path = CyxbsMobileSwiftUITests.swift; sourceTree = "<group>"; };
		1468F1B7292496A10080DA08 /* CyxbsMobileSwiftUITestsLaunchTests.swift */ = {isa = PBXFileReference; lastKnownFileType = sourcecode.swift; path = CyxbsMobileSwiftUITestsLaunchTests.swift; sourceTree = "<group>"; };
		1468F1C42924976A0080DA08 /* RyScheduleTabBarController.swift */ = {isa = PBXFileReference; lastKnownFileType = sourcecode.swift; path = RyScheduleTabBarController.swift; sourceTree = "<group>"; };
		1468F1C62924BB970080DA08 /* RyScheduleCourse.swift */ = {isa = PBXFileReference; lastKnownFileType = sourcecode.swift; path = RyScheduleCourse.swift; sourceTree = "<group>"; };
		147188442A0904DB006AAB53 /* RyScheduleTabBar.swift */ = {isa = PBXFileReference; lastKnownFileType = sourcecode.swift; path = RyScheduleTabBar.swift; sourceTree = "<group>"; };
		14DC09202A0B51D4008432C7 /* RyScheduleRequest.swift */ = {isa = PBXFileReference; lastKnownFileType = sourcecode.swift; path = RyScheduleRequest.swift; sourceTree = "<group>"; };
		14DC09222A0B5777008432C7 /* CyxbsBaseURL.swift */ = {isa = PBXFileReference; lastKnownFileType = sourcecode.swift; path = CyxbsBaseURL.swift; sourceTree = "<group>"; };
		14DC46B32A0CE89100D68DD8 /* RySchedulePersonalKey.swift */ = {isa = PBXFileReference; lastKnownFileType = sourcecode.swift; path = RySchedulePersonalKey.swift; sourceTree = "<group>"; };
		27A55D6AF757F14FA38B5ABE /* Pods-CyxbsMobileSwiftTests.release.xcconfig */ = {isa = PBXFileReference; includeInIndex = 1; lastKnownFileType = text.xcconfig; name = "Pods-CyxbsMobileSwiftTests.release.xcconfig"; path = "Target Support Files/Pods-CyxbsMobileSwiftTests/Pods-CyxbsMobileSwiftTests.release.xcconfig"; sourceTree = "<group>"; };
		2FA93E33BB59B9A10DA16002 /* Pods-CyxbsMobileSwift-CyxbsMobileSwiftUITests.release.xcconfig */ = {isa = PBXFileReference; includeInIndex = 1; lastKnownFileType = text.xcconfig; name = "Pods-CyxbsMobileSwift-CyxbsMobileSwiftUITests.release.xcconfig"; path = "Target Support Files/Pods-CyxbsMobileSwift-CyxbsMobileSwiftUITests/Pods-CyxbsMobileSwift-CyxbsMobileSwiftUITests.release.xcconfig"; sourceTree = "<group>"; };
		2FC8C620EE32A559FDE13EFD /* Pods-CyxbsMobileSwiftTests.debug.xcconfig */ = {isa = PBXFileReference; includeInIndex = 1; lastKnownFileType = text.xcconfig; name = "Pods-CyxbsMobileSwiftTests.debug.xcconfig"; path = "Target Support Files/Pods-CyxbsMobileSwiftTests/Pods-CyxbsMobileSwiftTests.debug.xcconfig"; sourceTree = "<group>"; };
		84D18BCD4699CFAED4AE5A37 /* Pods_CyxbsMobileSwift.framework */ = {isa = PBXFileReference; explicitFileType = wrapper.framework; includeInIndex = 0; path = Pods_CyxbsMobileSwift.framework; sourceTree = BUILT_PRODUCTS_DIR; };
		8A4BAD40F555673F00DBBD66 /* Pods-CyxbsMobileSwift.release.xcconfig */ = {isa = PBXFileReference; includeInIndex = 1; lastKnownFileType = text.xcconfig; name = "Pods-CyxbsMobileSwift.release.xcconfig"; path = "Target Support Files/Pods-CyxbsMobileSwift/Pods-CyxbsMobileSwift.release.xcconfig"; sourceTree = "<group>"; };
		A93A5A1721CF516C7FBFF8B2 /* Pods_CyxbsMobileSwiftTests.framework */ = {isa = PBXFileReference; explicitFileType = wrapper.framework; includeInIndex = 0; path = Pods_CyxbsMobileSwiftTests.framework; sourceTree = BUILT_PRODUCTS_DIR; };
		B2BD2514E13C2CF16285DEB4 /* Pods_CyxbsMobileSwift_CyxbsMobileSwiftUITests.framework */ = {isa = PBXFileReference; explicitFileType = wrapper.framework; includeInIndex = 0; path = Pods_CyxbsMobileSwift_CyxbsMobileSwiftUITests.framework; sourceTree = BUILT_PRODUCTS_DIR; };
		E0BE3839F6502CBEDBEE2978 /* Pods-CyxbsMobileSwift.debug.xcconfig */ = {isa = PBXFileReference; includeInIndex = 1; lastKnownFileType = text.xcconfig; name = "Pods-CyxbsMobileSwift.debug.xcconfig"; path = "Target Support Files/Pods-CyxbsMobileSwift/Pods-CyxbsMobileSwift.debug.xcconfig"; sourceTree = "<group>"; };
		E4E7F03CD158BF33CD0BD050 /* Pods-CyxbsMobileSwift-CyxbsMobileSwiftUITests.debug.xcconfig */ = {isa = PBXFileReference; includeInIndex = 1; lastKnownFileType = text.xcconfig; name = "Pods-CyxbsMobileSwift-CyxbsMobileSwiftUITests.debug.xcconfig"; path = "Target Support Files/Pods-CyxbsMobileSwift-CyxbsMobileSwiftUITests/Pods-CyxbsMobileSwift-CyxbsMobileSwiftUITests.debug.xcconfig"; sourceTree = "<group>"; };
/* End PBXFileReference section */

/* Begin PBXFrameworksBuildPhase section */
		1468F18E292496A00080DA08 /* Frameworks */ = {
			isa = PBXFrameworksBuildPhase;
			buildActionMask = 2147483647;
			files = (
				9754CAD7080F5864E525D76F /* Pods_CyxbsMobileSwift.framework in Frameworks */,
			);
			runOnlyForDeploymentPostprocessing = 0;
		};
		1468F1A4292496A10080DA08 /* Frameworks */ = {
			isa = PBXFrameworksBuildPhase;
			buildActionMask = 2147483647;
			files = (
				DD85E943E7881285316DBD8D /* Pods_CyxbsMobileSwiftTests.framework in Frameworks */,
			);
			runOnlyForDeploymentPostprocessing = 0;
		};
		1468F1AE292496A10080DA08 /* Frameworks */ = {
			isa = PBXFrameworksBuildPhase;
			buildActionMask = 2147483647;
			files = (
				C48D963D855DC393031078ED /* Pods_CyxbsMobileSwift_CyxbsMobileSwiftUITests.framework in Frameworks */,
			);
			runOnlyForDeploymentPostprocessing = 0;
		};
/* End PBXFrameworksBuildPhase section */

/* Begin PBXGroup section */
		056B65229CFFA31B495A3CC8 /* Frameworks */ = {
			isa = PBXGroup;
			children = (
				84D18BCD4699CFAED4AE5A37 /* Pods_CyxbsMobileSwift.framework */,
				B2BD2514E13C2CF16285DEB4 /* Pods_CyxbsMobileSwift_CyxbsMobileSwiftUITests.framework */,
				A93A5A1721CF516C7FBFF8B2 /* Pods_CyxbsMobileSwiftTests.framework */,
			);
			name = Frameworks;
			sourceTree = "<group>";
		};
		1468F188292496A00080DA08 = {
			isa = PBXGroup;
			children = (
				1468F193292496A00080DA08 /* CyxbsMobileSwift */,
				1468F1AA292496A10080DA08 /* CyxbsMobileSwiftTests */,
				1468F1B4292496A10080DA08 /* CyxbsMobileSwiftUITests */,
				1468F192292496A00080DA08 /* Products */,
				490729090927884D8EF51FE2 /* Pods */,
				056B65229CFFA31B495A3CC8 /* Frameworks */,
			);
			sourceTree = "<group>";
		};
		1468F192292496A00080DA08 /* Products */ = {
			isa = PBXGroup;
			children = (
				1468F191292496A00080DA08 /* CyxbsMobileSwift.app */,
				1468F1A7292496A10080DA08 /* CyxbsMobileSwiftTests.xctest */,
				1468F1B1292496A10080DA08 /* CyxbsMobileSwiftUITests.xctest */,
			);
			name = Products;
			sourceTree = "<group>";
		};
		1468F193292496A00080DA08 /* CyxbsMobileSwift */ = {
			isa = PBXGroup;
			children = (
				1468F194292496A00080DA08 /* AppDelegate.swift */,
				1468F1C42924976A0080DA08 /* RyScheduleTabBarController.swift */,
				147188442A0904DB006AAB53 /* RyScheduleTabBar.swift */,
				1468F198292496A00080DA08 /* RyScheduleViewController.swift */,
				14DC09202A0B51D4008432C7 /* RyScheduleRequest.swift */,
				14DC46B32A0CE89100D68DD8 /* RySchedulePersonalKey.swift */,
				1468F1C62924BB970080DA08 /* RyScheduleCourse.swift */,
				14DC09222A0B5777008432C7 /* CyxbsBaseURL.swift */,
				1468F19D292496A10080DA08 /* Assets.xcassets */,
				1468F19F292496A10080DA08 /* LaunchScreen.storyboard */,
				1468F1A2292496A10080DA08 /* Info.plist */,
			);
			path = CyxbsMobileSwift;
			sourceTree = "<group>";
		};
		1468F1AA292496A10080DA08 /* CyxbsMobileSwiftTests */ = {
			isa = PBXGroup;
			children = (
				1468F1AB292496A10080DA08 /* CyxbsMobileSwiftTests.swift */,
			);
			path = CyxbsMobileSwiftTests;
			sourceTree = "<group>";
		};
		1468F1B4292496A10080DA08 /* CyxbsMobileSwiftUITests */ = {
			isa = PBXGroup;
			children = (
				1468F1B5292496A10080DA08 /* CyxbsMobileSwiftUITests.swift */,
				1468F1B7292496A10080DA08 /* CyxbsMobileSwiftUITestsLaunchTests.swift */,
			);
			path = CyxbsMobileSwiftUITests;
			sourceTree = "<group>";
		};
		490729090927884D8EF51FE2 /* Pods */ = {
			isa = PBXGroup;
			children = (
				E0BE3839F6502CBEDBEE2978 /* Pods-CyxbsMobileSwift.debug.xcconfig */,
				8A4BAD40F555673F00DBBD66 /* Pods-CyxbsMobileSwift.release.xcconfig */,
				E4E7F03CD158BF33CD0BD050 /* Pods-CyxbsMobileSwift-CyxbsMobileSwiftUITests.debug.xcconfig */,
				2FA93E33BB59B9A10DA16002 /* Pods-CyxbsMobileSwift-CyxbsMobileSwiftUITests.release.xcconfig */,
				2FC8C620EE32A559FDE13EFD /* Pods-CyxbsMobileSwiftTests.debug.xcconfig */,
				27A55D6AF757F14FA38B5ABE /* Pods-CyxbsMobileSwiftTests.release.xcconfig */,
			);
			path = Pods;
			sourceTree = "<group>";
		};
/* End PBXGroup section */

/* Begin PBXNativeTarget section */
		1468F190292496A00080DA08 /* CyxbsMobileSwift */ = {
			isa = PBXNativeTarget;
			buildConfigurationList = 1468F1BB292496A10080DA08 /* Build configuration list for PBXNativeTarget "CyxbsMobileSwift" */;
			buildPhases = (
				1D4F96D07463E4CD7CFA80E1 /* [CP] Check Pods Manifest.lock */,
				1468F18D292496A00080DA08 /* Sources */,
				1468F18E292496A00080DA08 /* Frameworks */,
				1468F18F292496A00080DA08 /* Resources */,
				75FDAA196CDC00A8929F364C /* [CP] Embed Pods Frameworks */,
			);
			buildRules = (
			);
			dependencies = (
			);
			name = CyxbsMobileSwift;
			productName = CyxbsMobileSwift;
			productReference = 1468F191292496A00080DA08 /* CyxbsMobileSwift.app */;
			productType = "com.apple.product-type.application";
		};
		1468F1A6292496A10080DA08 /* CyxbsMobileSwiftTests */ = {
			isa = PBXNativeTarget;
			buildConfigurationList = 1468F1BE292496A10080DA08 /* Build configuration list for PBXNativeTarget "CyxbsMobileSwiftTests" */;
			buildPhases = (
				A056AF002656A64390C488DF /* [CP] Check Pods Manifest.lock */,
				1468F1A3292496A10080DA08 /* Sources */,
				1468F1A4292496A10080DA08 /* Frameworks */,
				1468F1A5292496A10080DA08 /* Resources */,
			);
			buildRules = (
			);
			dependencies = (
				1468F1A9292496A10080DA08 /* PBXTargetDependency */,
			);
			name = CyxbsMobileSwiftTests;
			productName = CyxbsMobileSwiftTests;
			productReference = 1468F1A7292496A10080DA08 /* CyxbsMobileSwiftTests.xctest */;
			productType = "com.apple.product-type.bundle.unit-test";
		};
		1468F1B0292496A10080DA08 /* CyxbsMobileSwiftUITests */ = {
			isa = PBXNativeTarget;
			buildConfigurationList = 1468F1C1292496A10080DA08 /* Build configuration list for PBXNativeTarget "CyxbsMobileSwiftUITests" */;
			buildPhases = (
				4FFCF16DC3E164E7EAC40B31 /* [CP] Check Pods Manifest.lock */,
				1468F1AD292496A10080DA08 /* Sources */,
				1468F1AE292496A10080DA08 /* Frameworks */,
				1468F1AF292496A10080DA08 /* Resources */,
				CF12183F3D5A30043CFA6613 /* [CP] Embed Pods Frameworks */,
			);
			buildRules = (
			);
			dependencies = (
				1468F1B3292496A10080DA08 /* PBXTargetDependency */,
			);
			name = CyxbsMobileSwiftUITests;
			productName = CyxbsMobileSwiftUITests;
			productReference = 1468F1B1292496A10080DA08 /* CyxbsMobileSwiftUITests.xctest */;
			productType = "com.apple.product-type.bundle.ui-testing";
		};
/* End PBXNativeTarget section */

/* Begin PBXProject section */
		1468F189292496A00080DA08 /* Project object */ = {
			isa = PBXProject;
			attributes = {
				BuildIndependentTargetsInParallel = 1;
				LastSwiftUpdateCheck = 1410;
				LastUpgradeCheck = 1410;
				TargetAttributes = {
					1468F190292496A00080DA08 = {
						CreatedOnToolsVersion = 14.1;
					};
					1468F1A6292496A10080DA08 = {
						CreatedOnToolsVersion = 14.1;
						TestTargetID = 1468F190292496A00080DA08;
					};
					1468F1B0292496A10080DA08 = {
						CreatedOnToolsVersion = 14.1;
						TestTargetID = 1468F190292496A00080DA08;
					};
				};
			};
			buildConfigurationList = 1468F18C292496A00080DA08 /* Build configuration list for PBXProject "CyxbsMobileSwift" */;
			compatibilityVersion = "Xcode 13.0";
			developmentRegion = en;
			hasScannedForEncodings = 0;
			knownRegions = (
				en,
				Base,
			);
			mainGroup = 1468F188292496A00080DA08;
			productRefGroup = 1468F192292496A00080DA08 /* Products */;
			projectDirPath = "";
			projectRoot = "";
			targets = (
				1468F190292496A00080DA08 /* CyxbsMobileSwift */,
				1468F1A6292496A10080DA08 /* CyxbsMobileSwiftTests */,
				1468F1B0292496A10080DA08 /* CyxbsMobileSwiftUITests */,
			);
		};
/* End PBXProject section */

/* Begin PBXResourcesBuildPhase section */
		1468F18F292496A00080DA08 /* Resources */ = {
			isa = PBXResourcesBuildPhase;
			buildActionMask = 2147483647;
			files = (
				1468F1A1292496A10080DA08 /* LaunchScreen.storyboard in Resources */,
				1468F19E292496A10080DA08 /* Assets.xcassets in Resources */,
			);
			runOnlyForDeploymentPostprocessing = 0;
		};
		1468F1A5292496A10080DA08 /* Resources */ = {
			isa = PBXResourcesBuildPhase;
			buildActionMask = 2147483647;
			files = (
			);
			runOnlyForDeploymentPostprocessing = 0;
		};
		1468F1AF292496A10080DA08 /* Resources */ = {
			isa = PBXResourcesBuildPhase;
			buildActionMask = 2147483647;
			files = (
			);
			runOnlyForDeploymentPostprocessing = 0;
		};
/* End PBXResourcesBuildPhase section */

/* Begin PBXShellScriptBuildPhase section */
		1D4F96D07463E4CD7CFA80E1 /* [CP] Check Pods Manifest.lock */ = {
			isa = PBXShellScriptBuildPhase;
			buildActionMask = 2147483647;
			files = (
			);
			inputFileListPaths = (
			);
			inputPaths = (
				"${PODS_PODFILE_DIR_PATH}/Podfile.lock",
				"${PODS_ROOT}/Manifest.lock",
			);
			name = "[CP] Check Pods Manifest.lock";
			outputFileListPaths = (
			);
			outputPaths = (
				"$(DERIVED_FILE_DIR)/Pods-CyxbsMobileSwift-checkManifestLockResult.txt",
			);
			runOnlyForDeploymentPostprocessing = 0;
			shellPath = /bin/sh;
			shellScript = "diff \"${PODS_PODFILE_DIR_PATH}/Podfile.lock\" \"${PODS_ROOT}/Manifest.lock\" > /dev/null\nif [ $? != 0 ] ; then\n    # print error to STDERR\n    echo \"error: The sandbox is not in sync with the Podfile.lock. Run 'pod install' or update your CocoaPods installation.\" >&2\n    exit 1\nfi\n# This output is used by Xcode 'outputs' to avoid re-running this script phase.\necho \"SUCCESS\" > \"${SCRIPT_OUTPUT_FILE_0}\"\n";
			showEnvVarsInLog = 0;
		};
		4FFCF16DC3E164E7EAC40B31 /* [CP] Check Pods Manifest.lock */ = {
			isa = PBXShellScriptBuildPhase;
			buildActionMask = 2147483647;
			files = (
			);
			inputFileListPaths = (
			);
			inputPaths = (
				"${PODS_PODFILE_DIR_PATH}/Podfile.lock",
				"${PODS_ROOT}/Manifest.lock",
			);
			name = "[CP] Check Pods Manifest.lock";
			outputFileListPaths = (
			);
			outputPaths = (
				"$(DERIVED_FILE_DIR)/Pods-CyxbsMobileSwift-CyxbsMobileSwiftUITests-checkManifestLockResult.txt",
			);
			runOnlyForDeploymentPostprocessing = 0;
			shellPath = /bin/sh;
			shellScript = "diff \"${PODS_PODFILE_DIR_PATH}/Podfile.lock\" \"${PODS_ROOT}/Manifest.lock\" > /dev/null\nif [ $? != 0 ] ; then\n    # print error to STDERR\n    echo \"error: The sandbox is not in sync with the Podfile.lock. Run 'pod install' or update your CocoaPods installation.\" >&2\n    exit 1\nfi\n# This output is used by Xcode 'outputs' to avoid re-running this script phase.\necho \"SUCCESS\" > \"${SCRIPT_OUTPUT_FILE_0}\"\n";
			showEnvVarsInLog = 0;
		};
		75FDAA196CDC00A8929F364C /* [CP] Embed Pods Frameworks */ = {
			isa = PBXShellScriptBuildPhase;
			buildActionMask = 2147483647;
			files = (
			);
			inputFileListPaths = (
			);
			name = "[CP] Embed Pods Frameworks";
			outputFileListPaths = (
			);
			runOnlyForDeploymentPostprocessing = 0;
			shellPath = /bin/sh;
			shellScript = "\"${PODS_ROOT}/Target Support Files/Pods-CyxbsMobileSwift/Pods-CyxbsMobileSwift-frameworks.sh\"\n";
			showEnvVarsInLog = 0;
		};
		A056AF002656A64390C488DF /* [CP] Check Pods Manifest.lock */ = {
			isa = PBXShellScriptBuildPhase;
			buildActionMask = 2147483647;
			files = (
			);
			inputFileListPaths = (
			);
			inputPaths = (
				"${PODS_PODFILE_DIR_PATH}/Podfile.lock",
				"${PODS_ROOT}/Manifest.lock",
			);
			name = "[CP] Check Pods Manifest.lock";
			outputFileListPaths = (
			);
			outputPaths = (
				"$(DERIVED_FILE_DIR)/Pods-CyxbsMobileSwiftTests-checkManifestLockResult.txt",
			);
			runOnlyForDeploymentPostprocessing = 0;
			shellPath = /bin/sh;
			shellScript = "diff \"${PODS_PODFILE_DIR_PATH}/Podfile.lock\" \"${PODS_ROOT}/Manifest.lock\" > /dev/null\nif [ $? != 0 ] ; then\n    # print error to STDERR\n    echo \"error: The sandbox is not in sync with the Podfile.lock. Run 'pod install' or update your CocoaPods installation.\" >&2\n    exit 1\nfi\n# This output is used by Xcode 'outputs' to avoid re-running this script phase.\necho \"SUCCESS\" > \"${SCRIPT_OUTPUT_FILE_0}\"\n";
			showEnvVarsInLog = 0;
		};
		CF12183F3D5A30043CFA6613 /* [CP] Embed Pods Frameworks */ = {
			isa = PBXShellScriptBuildPhase;
			buildActionMask = 2147483647;
			files = (
			);
			inputFileListPaths = (
			);
			name = "[CP] Embed Pods Frameworks";
			outputFileListPaths = (
			);
			runOnlyForDeploymentPostprocessing = 0;
			shellPath = /bin/sh;
			shellScript = "\"${PODS_ROOT}/Target Support Files/Pods-CyxbsMobileSwift-CyxbsMobileSwiftUITests/Pods-CyxbsMobileSwift-CyxbsMobileSwiftUITests-frameworks.sh\"\n";
			showEnvVarsInLog = 0;
		};
/* End PBXShellScriptBuildPhase section */

/* Begin PBXSourcesBuildPhase section */
		1468F18D292496A00080DA08 /* Sources */ = {
			isa = PBXSourcesBuildPhase;
			buildActionMask = 2147483647;
			files = (
				1468F1C52924976A0080DA08 /* RyScheduleTabBarController.swift in Sources */,
				1468F1C72924BB970080DA08 /* RyScheduleCourse.swift in Sources */,
				1468F199292496A00080DA08 /* RyScheduleViewController.swift in Sources */,
				14DC46B42A0CE89100D68DD8 /* RySchedulePersonalKey.swift in Sources */,
				14DC09232A0B5777008432C7 /* CyxbsBaseURL.swift in Sources */,
				14DC09212A0B51D4008432C7 /* RyScheduleRequest.swift in Sources */,
				1468F195292496A00080DA08 /* AppDelegate.swift in Sources */,
				147188452A0904DB006AAB53 /* RyScheduleTabBar.swift in Sources */,
			);
			runOnlyForDeploymentPostprocessing = 0;
		};
		1468F1A3292496A10080DA08 /* Sources */ = {
			isa = PBXSourcesBuildPhase;
			buildActionMask = 2147483647;
			files = (
				1468F1AC292496A10080DA08 /* CyxbsMobileSwiftTests.swift in Sources */,
			);
			runOnlyForDeploymentPostprocessing = 0;
		};
		1468F1AD292496A10080DA08 /* Sources */ = {
			isa = PBXSourcesBuildPhase;
			buildActionMask = 2147483647;
			files = (
				1468F1B8292496A10080DA08 /* CyxbsMobileSwiftUITestsLaunchTests.swift in Sources */,
				1468F1B6292496A10080DA08 /* CyxbsMobileSwiftUITests.swift in Sources */,
			);
			runOnlyForDeploymentPostprocessing = 0;
		};
/* End PBXSourcesBuildPhase section */

/* Begin PBXTargetDependency section */
		1468F1A9292496A10080DA08 /* PBXTargetDependency */ = {
			isa = PBXTargetDependency;
			target = 1468F190292496A00080DA08 /* CyxbsMobileSwift */;
			targetProxy = 1468F1A8292496A10080DA08 /* PBXContainerItemProxy */;
		};
		1468F1B3292496A10080DA08 /* PBXTargetDependency */ = {
			isa = PBXTargetDependency;
			target = 1468F190292496A00080DA08 /* CyxbsMobileSwift */;
			targetProxy = 1468F1B2292496A10080DA08 /* PBXContainerItemProxy */;
		};
/* End PBXTargetDependency section */

/* Begin PBXVariantGroup section */
		1468F19F292496A10080DA08 /* LaunchScreen.storyboard */ = {
			isa = PBXVariantGroup;
			children = (
				1468F1A0292496A10080DA08 /* Base */,
			);
			name = LaunchScreen.storyboard;
			sourceTree = "<group>";
		};
/* End PBXVariantGroup section */

/* Begin XCBuildConfiguration section */
		1468F1B9292496A10080DA08 /* Debug */ = {
			isa = XCBuildConfiguration;
			buildSettings = {
				ALWAYS_SEARCH_USER_PATHS = NO;
				CLANG_ANALYZER_NONNULL = YES;
				CLANG_ANALYZER_NUMBER_OBJECT_CONVERSION = YES_AGGRESSIVE;
				CLANG_CXX_LANGUAGE_STANDARD = "gnu++20";
				CLANG_ENABLE_MODULES = YES;
				CLANG_ENABLE_OBJC_ARC = YES;
				CLANG_ENABLE_OBJC_WEAK = YES;
				CLANG_WARN_BLOCK_CAPTURE_AUTORELEASING = YES;
				CLANG_WARN_BOOL_CONVERSION = YES;
				CLANG_WARN_COMMA = YES;
				CLANG_WARN_CONSTANT_CONVERSION = YES;
				CLANG_WARN_DEPRECATED_OBJC_IMPLEMENTATIONS = YES;
				CLANG_WARN_DIRECT_OBJC_ISA_USAGE = YES_ERROR;
				CLANG_WARN_DOCUMENTATION_COMMENTS = YES;
				CLANG_WARN_EMPTY_BODY = YES;
				CLANG_WARN_ENUM_CONVERSION = YES;
				CLANG_WARN_INFINITE_RECURSION = YES;
				CLANG_WARN_INT_CONVERSION = YES;
				CLANG_WARN_NON_LITERAL_NULL_CONVERSION = YES;
				CLANG_WARN_OBJC_IMPLICIT_RETAIN_SELF = YES;
				CLANG_WARN_OBJC_LITERAL_CONVERSION = YES;
				CLANG_WARN_OBJC_ROOT_CLASS = YES_ERROR;
				CLANG_WARN_QUOTED_INCLUDE_IN_FRAMEWORK_HEADER = YES;
				CLANG_WARN_RANGE_LOOP_ANALYSIS = YES;
				CLANG_WARN_STRICT_PROTOTYPES = YES;
				CLANG_WARN_SUSPICIOUS_MOVE = YES;
				CLANG_WARN_UNGUARDED_AVAILABILITY = YES_AGGRESSIVE;
				CLANG_WARN_UNREACHABLE_CODE = YES;
				CLANG_WARN__DUPLICATE_METHOD_MATCH = YES;
				COPY_PHASE_STRIP = NO;
				DEBUG_INFORMATION_FORMAT = dwarf;
				ENABLE_STRICT_OBJC_MSGSEND = YES;
				ENABLE_TESTABILITY = YES;
				GCC_C_LANGUAGE_STANDARD = gnu11;
				GCC_DYNAMIC_NO_PIC = NO;
				GCC_NO_COMMON_BLOCKS = YES;
				GCC_OPTIMIZATION_LEVEL = 0;
				GCC_PREPROCESSOR_DEFINITIONS = (
					"DEBUG=1",
					"$(inherited)",
				);
				GCC_WARN_64_TO_32_BIT_CONVERSION = YES;
				GCC_WARN_ABOUT_RETURN_TYPE = YES_ERROR;
				GCC_WARN_UNDECLARED_SELECTOR = YES;
				GCC_WARN_UNINITIALIZED_AUTOS = YES_AGGRESSIVE;
				GCC_WARN_UNUSED_FUNCTION = YES;
				GCC_WARN_UNUSED_VARIABLE = YES;
				IPHONEOS_DEPLOYMENT_TARGET = 11.0;
				MTL_ENABLE_DEBUG_INFO = INCLUDE_SOURCE;
				MTL_FAST_MATH = YES;
				ONLY_ACTIVE_ARCH = YES;
				SDKROOT = iphoneos;
				SWIFT_ACTIVE_COMPILATION_CONDITIONS = DEBUG;
				SWIFT_OPTIMIZATION_LEVEL = "-Onone";
			};
			name = Debug;
		};
		1468F1BA292496A10080DA08 /* Release */ = {
			isa = XCBuildConfiguration;
			buildSettings = {
				ALWAYS_SEARCH_USER_PATHS = NO;
				CLANG_ANALYZER_NONNULL = YES;
				CLANG_ANALYZER_NUMBER_OBJECT_CONVERSION = YES_AGGRESSIVE;
				CLANG_CXX_LANGUAGE_STANDARD = "gnu++20";
				CLANG_ENABLE_MODULES = YES;
				CLANG_ENABLE_OBJC_ARC = YES;
				CLANG_ENABLE_OBJC_WEAK = YES;
				CLANG_WARN_BLOCK_CAPTURE_AUTORELEASING = YES;
				CLANG_WARN_BOOL_CONVERSION = YES;
				CLANG_WARN_COMMA = YES;
				CLANG_WARN_CONSTANT_CONVERSION = YES;
				CLANG_WARN_DEPRECATED_OBJC_IMPLEMENTATIONS = YES;
				CLANG_WARN_DIRECT_OBJC_ISA_USAGE = YES_ERROR;
				CLANG_WARN_DOCUMENTATION_COMMENTS = YES;
				CLANG_WARN_EMPTY_BODY = YES;
				CLANG_WARN_ENUM_CONVERSION = YES;
				CLANG_WARN_INFINITE_RECURSION = YES;
				CLANG_WARN_INT_CONVERSION = YES;
				CLANG_WARN_NON_LITERAL_NULL_CONVERSION = YES;
				CLANG_WARN_OBJC_IMPLICIT_RETAIN_SELF = YES;
				CLANG_WARN_OBJC_LITERAL_CONVERSION = YES;
				CLANG_WARN_OBJC_ROOT_CLASS = YES_ERROR;
				CLANG_WARN_QUOTED_INCLUDE_IN_FRAMEWORK_HEADER = YES;
				CLANG_WARN_RANGE_LOOP_ANALYSIS = YES;
				CLANG_WARN_STRICT_PROTOTYPES = YES;
				CLANG_WARN_SUSPICIOUS_MOVE = YES;
				CLANG_WARN_UNGUARDED_AVAILABILITY = YES_AGGRESSIVE;
				CLANG_WARN_UNREACHABLE_CODE = YES;
				CLANG_WARN__DUPLICATE_METHOD_MATCH = YES;
				COPY_PHASE_STRIP = NO;
				DEBUG_INFORMATION_FORMAT = "dwarf-with-dsym";
				ENABLE_NS_ASSERTIONS = NO;
				ENABLE_STRICT_OBJC_MSGSEND = YES;
				GCC_C_LANGUAGE_STANDARD = gnu11;
				GCC_NO_COMMON_BLOCKS = YES;
				GCC_WARN_64_TO_32_BIT_CONVERSION = YES;
				GCC_WARN_ABOUT_RETURN_TYPE = YES_ERROR;
				GCC_WARN_UNDECLARED_SELECTOR = YES;
				GCC_WARN_UNINITIALIZED_AUTOS = YES_AGGRESSIVE;
				GCC_WARN_UNUSED_FUNCTION = YES;
				GCC_WARN_UNUSED_VARIABLE = YES;
				IPHONEOS_DEPLOYMENT_TARGET = 11.0;
				MTL_ENABLE_DEBUG_INFO = NO;
				MTL_FAST_MATH = YES;
				SDKROOT = iphoneos;
				SWIFT_COMPILATION_MODE = wholemodule;
				SWIFT_OPTIMIZATION_LEVEL = "-O";
				VALIDATE_PRODUCT = YES;
			};
			name = Release;
		};
		1468F1BC292496A10080DA08 /* Debug */ = {
			isa = XCBuildConfiguration;
			baseConfigurationReference = E0BE3839F6502CBEDBEE2978 /* Pods-CyxbsMobileSwift.debug.xcconfig */;
			buildSettings = {
				ASSETCATALOG_COMPILER_APPICON_NAME = AppIcon;
				ASSETCATALOG_COMPILER_GLOBAL_ACCENT_COLOR_NAME = AccentColor;
				ASSETCATALOG_COMPILER_INCLUDE_ALL_APPICON_ASSETS = YES;
				CODE_SIGN_STYLE = Automatic;
				CURRENT_PROJECT_VERSION = 1;
				DEVELOPMENT_TEAM = 727CVV9PLJ;
				GENERATE_INFOPLIST_FILE = YES;
				INFOPLIST_FILE = CyxbsMobileSwift/Info.plist;
				INFOPLIST_KEY_CFBundleDisplayName = "掌上重邮Pro";
				INFOPLIST_KEY_LSApplicationCategoryType = "public.app-category.education";
				INFOPLIST_KEY_UIApplicationSupportsIndirectInputEvents = YES;
				INFOPLIST_KEY_UILaunchStoryboardName = LaunchScreen.storyboard;
				INFOPLIST_KEY_UIMainStoryboardFile = "";
				INFOPLIST_KEY_UIRequiresFullScreen = YES;
				INFOPLIST_KEY_UISupportedInterfaceOrientations = UIInterfaceOrientationPortrait;
				INFOPLIST_KEY_UISupportedInterfaceOrientations_iPad = "UIInterfaceOrientationLandscapeLeft UIInterfaceOrientationLandscapeRight UIInterfaceOrientationPortrait UIInterfaceOrientationPortraitUpsideDown";
				IPHONEOS_DEPLOYMENT_TARGET = 11.0;
				LD_RUNPATH_SEARCH_PATHS = (
					"$(inherited)",
					"@executable_path/Frameworks",
				);
				MARKETING_VERSION = 1.0;
				PRODUCT_BUNDLE_IDENTIFIER = com.mredrock.cyxbs;
				PRODUCT_NAME = "$(TARGET_NAME)";
				SWIFT_EMIT_LOC_STRINGS = YES;
				SWIFT_VERSION = 5.0;
				TARGETED_DEVICE_FAMILY = "1,2";
			};
			name = Debug;
		};
		1468F1BD292496A10080DA08 /* Release */ = {
			isa = XCBuildConfiguration;
			baseConfigurationReference = 8A4BAD40F555673F00DBBD66 /* Pods-CyxbsMobileSwift.release.xcconfig */;
			buildSettings = {
				ASSETCATALOG_COMPILER_APPICON_NAME = AppIcon;
				ASSETCATALOG_COMPILER_GLOBAL_ACCENT_COLOR_NAME = AccentColor;
				ASSETCATALOG_COMPILER_INCLUDE_ALL_APPICON_ASSETS = YES;
				CODE_SIGN_STYLE = Automatic;
				CURRENT_PROJECT_VERSION = 1;
				DEVELOPMENT_TEAM = 727CVV9PLJ;
				GENERATE_INFOPLIST_FILE = YES;
				INFOPLIST_FILE = CyxbsMobileSwift/Info.plist;
				INFOPLIST_KEY_CFBundleDisplayName = "掌上重邮Pro";
				INFOPLIST_KEY_LSApplicationCategoryType = "public.app-category.education";
				INFOPLIST_KEY_UIApplicationSupportsIndirectInputEvents = YES;
				INFOPLIST_KEY_UILaunchStoryboardName = LaunchScreen.storyboard;
				INFOPLIST_KEY_UIMainStoryboardFile = "";
				INFOPLIST_KEY_UIRequiresFullScreen = YES;
				INFOPLIST_KEY_UISupportedInterfaceOrientations = UIInterfaceOrientationPortrait;
				INFOPLIST_KEY_UISupportedInterfaceOrientations_iPad = "UIInterfaceOrientationLandscapeLeft UIInterfaceOrientationLandscapeRight UIInterfaceOrientationPortrait UIInterfaceOrientationPortraitUpsideDown";
				IPHONEOS_DEPLOYMENT_TARGET = 11.0;
				LD_RUNPATH_SEARCH_PATHS = (
					"$(inherited)",
					"@executable_path/Frameworks",
				);
				MARKETING_VERSION = 1.0;
				PRODUCT_BUNDLE_IDENTIFIER = com.mredrock.cyxbs;
				PRODUCT_NAME = "$(TARGET_NAME)";
				SWIFT_EMIT_LOC_STRINGS = YES;
				SWIFT_VERSION = 5.0;
				TARGETED_DEVICE_FAMILY = "1,2";
			};
			name = Release;
		};
		1468F1BF292496A10080DA08 /* Debug */ = {
			isa = XCBuildConfiguration;
			baseConfigurationReference = 2FC8C620EE32A559FDE13EFD /* Pods-CyxbsMobileSwiftTests.debug.xcconfig */;
			buildSettings = {
				ALWAYS_EMBED_SWIFT_STANDARD_LIBRARIES = YES;
				BUNDLE_LOADER = "$(TEST_HOST)";
				CODE_SIGN_STYLE = Automatic;
				CURRENT_PROJECT_VERSION = 1;
				DEVELOPMENT_TEAM = 727CVV9PLJ;
				GENERATE_INFOPLIST_FILE = YES;
				IPHONEOS_DEPLOYMENT_TARGET = 16.1;
				MARKETING_VERSION = 1.0;
				PRODUCT_BUNDLE_IDENTIFIER = SSR.CyxbsMobileSwiftTests;
				PRODUCT_NAME = "$(TARGET_NAME)";
				SWIFT_EMIT_LOC_STRINGS = NO;
				SWIFT_VERSION = 5.0;
				TARGETED_DEVICE_FAMILY = "1,2";
				TEST_HOST = "$(BUILT_PRODUCTS_DIR)/CyxbsMobileSwift.app/$(BUNDLE_EXECUTABLE_FOLDER_PATH)/CyxbsMobileSwift";
			};
			name = Debug;
		};
		1468F1C0292496A10080DA08 /* Release */ = {
			isa = XCBuildConfiguration;
			baseConfigurationReference = 27A55D6AF757F14FA38B5ABE /* Pods-CyxbsMobileSwiftTests.release.xcconfig */;
			buildSettings = {
				ALWAYS_EMBED_SWIFT_STANDARD_LIBRARIES = YES;
				BUNDLE_LOADER = "$(TEST_HOST)";
				CODE_SIGN_STYLE = Automatic;
				CURRENT_PROJECT_VERSION = 1;
				DEVELOPMENT_TEAM = 727CVV9PLJ;
				GENERATE_INFOPLIST_FILE = YES;
				IPHONEOS_DEPLOYMENT_TARGET = 16.1;
				MARKETING_VERSION = 1.0;
				PRODUCT_BUNDLE_IDENTIFIER = SSR.CyxbsMobileSwiftTests;
				PRODUCT_NAME = "$(TARGET_NAME)";
				SWIFT_EMIT_LOC_STRINGS = NO;
				SWIFT_VERSION = 5.0;
				TARGETED_DEVICE_FAMILY = "1,2";
				TEST_HOST = "$(BUILT_PRODUCTS_DIR)/CyxbsMobileSwift.app/$(BUNDLE_EXECUTABLE_FOLDER_PATH)/CyxbsMobileSwift";
			};
			name = Release;
		};
		1468F1C2292496A10080DA08 /* Debug */ = {
			isa = XCBuildConfiguration;
			baseConfigurationReference = E4E7F03CD158BF33CD0BD050 /* Pods-CyxbsMobileSwift-CyxbsMobileSwiftUITests.debug.xcconfig */;
			buildSettings = {
				ALWAYS_EMBED_SWIFT_STANDARD_LIBRARIES = YES;
				CODE_SIGN_STYLE = Automatic;
				CURRENT_PROJECT_VERSION = 1;
				DEVELOPMENT_TEAM = 727CVV9PLJ;
				GENERATE_INFOPLIST_FILE = YES;
				MARKETING_VERSION = 1.0;
				PRODUCT_BUNDLE_IDENTIFIER = SSR.CyxbsMobileSwiftUITests;
				PRODUCT_NAME = "$(TARGET_NAME)";
				SWIFT_EMIT_LOC_STRINGS = NO;
				SWIFT_VERSION = 5.0;
				TARGETED_DEVICE_FAMILY = "1,2";
				TEST_TARGET_NAME = CyxbsMobileSwift;
			};
			name = Debug;
		};
		1468F1C3292496A10080DA08 /* Release */ = {
			isa = XCBuildConfiguration;
			baseConfigurationReference = 2FA93E33BB59B9A10DA16002 /* Pods-CyxbsMobileSwift-CyxbsMobileSwiftUITests.release.xcconfig */;
			buildSettings = {
				ALWAYS_EMBED_SWIFT_STANDARD_LIBRARIES = YES;
				CODE_SIGN_STYLE = Automatic;
				CURRENT_PROJECT_VERSION = 1;
				DEVELOPMENT_TEAM = 727CVV9PLJ;
				GENERATE_INFOPLIST_FILE = YES;
				MARKETING_VERSION = 1.0;
				PRODUCT_BUNDLE_IDENTIFIER = SSR.CyxbsMobileSwiftUITests;
				PRODUCT_NAME = "$(TARGET_NAME)";
				SWIFT_EMIT_LOC_STRINGS = NO;
				SWIFT_VERSION = 5.0;
				TARGETED_DEVICE_FAMILY = "1,2";
				TEST_TARGET_NAME = CyxbsMobileSwift;
			};
			name = Release;
		};
/* End XCBuildConfiguration section */

/* Begin XCConfigurationList section */
		1468F18C292496A00080DA08 /* Build configuration list for PBXProject "CyxbsMobileSwift" */ = {
			isa = XCConfigurationList;
			buildConfigurations = (
				1468F1B9292496A10080DA08 /* Debug */,
				1468F1BA292496A10080DA08 /* Release */,
			);
			defaultConfigurationIsVisible = 0;
			defaultConfigurationName = Release;
		};
		1468F1BB292496A10080DA08 /* Build configuration list for PBXNativeTarget "CyxbsMobileSwift" */ = {
			isa = XCConfigurationList;
			buildConfigurations = (
				1468F1BC292496A10080DA08 /* Debug */,
				1468F1BD292496A10080DA08 /* Release */,
			);
			defaultConfigurationIsVisible = 0;
			defaultConfigurationName = Release;
		};
		1468F1BE292496A10080DA08 /* Build configuration list for PBXNativeTarget "CyxbsMobileSwiftTests" */ = {
			isa = XCConfigurationList;
			buildConfigurations = (
				1468F1BF292496A10080DA08 /* Debug */,
				1468F1C0292496A10080DA08 /* Release */,
			);
			defaultConfigurationIsVisible = 0;
			defaultConfigurationName = Release;
		};
		1468F1C1292496A10080DA08 /* Build configuration list for PBXNativeTarget "CyxbsMobileSwiftUITests" */ = {
			isa = XCConfigurationList;
			buildConfigurations = (
				1468F1C2292496A10080DA08 /* Debug */,
				1468F1C3292496A10080DA08 /* Release */,
			);
			defaultConfigurationIsVisible = 0;
			defaultConfigurationName = Release;
		};
/* End XCConfigurationList section */
	};
	rootObject = 1468F189292496A00080DA08 /* Project object */;
}
